
Microsoft Visual Studio Solution File, Format Version 12.00
# Visual Studio Version 17
VisualStudioVersion = 17.4.33205.214
MinimumVisualStudioVersion = 10.0.40219.1
Project("{FAE04EC0-301F-11D3-BF4B-00C04F79EFBC}") = "PlataformaBalta", "PlataformaBalta\PlataformaBalta.csproj", "{F3FA9BD7-27D0-4C5C-BC93-14E00FAD5FF6}"
EndProject
Global
	GlobalSection(SolutionConfigurationPlatforms) = preSolution
		Debug|Any CPU = Debug|Any CPU
		Release|Any CPU = Release|Any CPU
	EndGlobalSection
	GlobalSection(ProjectConfigurationPlatforms) = postSolution
		{F3FA9BD7-27D0-4C5C-BC93-14E00FAD5FF6}.Debug|Any CPU.ActiveCfg = Debug|Any CPU
		{F3FA9BD7-27D0-4C5C-BC93-14E00FAD5FF6}.Debug|Any CPU.Build.0 = Debug|Any CPU
		{F3FA9BD7-27D0-4C5C-BC93-14E00FAD5FF6}.Release|Any CPU.ActiveCfg = Release|Any CPU
		{F3FA9BD7-27D0-4C5C-BC93-14E00FAD5FF6}.Release|Any CPU.Build.0 = Release|Any CPU
	EndGlobalSection
	GlobalSection(SolutionProperties) = preSolution
		HideSolutionNode = FALSE
	EndGlobalSection
	GlobalSection(ExtensibilityGlobals) = postSolution
		SolutionGuid = {D96A6E88-0593-41D6-A033-B7AB7E1C9B06}
	EndGlobalSection
EndGlobal
